{
  "nodes": {
    "nixpkgs": {
      "locked": {
        "lastModified": 1779102034,
        "narHash": "sha256-uTBbAAmkcLK3Fd3RjXG/VX1jkiY0gdh+oqWyB+BjyhI=",
        "rev": "687f05a9184cad4eaf905c48b63649e3a86f5433",
        "type": "tarball",
        "url": "https://releases.nixos.org/nixos/25.11/nixos-25.11.11112.687f05a9184c/nixexprs.tar.xz?lastModified=1779102034&rev=687f05a9184cad4eaf905c48b63649e3a86f5433"
      },
      "original": {
        "type": "tarball",
        "url": "https://channels.nixos.org/nixos-25.11/nixexprs.tar.xz"
      }
    },
    "root": {
      "inputs": {
        "nixpkgs": "nixpkgs"
      }
    }
  },
  "root": "root",
  "version": 7
}
